
Microsoft Visual Studio Solution File, Format Version 12.00
# Visual Studio 15
VisualStudioVersion = 15.0.28307.271
MinimumVisualStudioVersion = 10.0.40219.1
Project("{FAE04EC0-301F-11D3-BF4B-00C04F79EFBC}") = "WebApplication6_Raw", "WebApplication6\WebApplication6_Raw.csproj", "{AAA5DAD0-99CE-4C1A-99C3-86A3EF8C70D3}"
EndProject
Global
	GlobalSection(SolutionConfigurationPlatforms) = preSolution
		Debug|Any CPU = Debug|Any CPU
		Release|Any CPU = Release|Any CPU
	EndGlobalSection
	GlobalSection(ProjectConfigurationPlatforms) = postSolution
		{AAA5DAD0-99CE-4C1A-99C3-86A3EF8C70D3}.Debug|Any CPU.ActiveCfg = Debug|Any CPU
		{AAA5DAD0-99CE-4C1A-99C3-86A3EF8C70D3}.Debug|Any CPU.Build.0 = Debug|Any CPU
		{AAA5DAD0-99CE-4C1A-99C3-86A3EF8C70D3}.Release|Any CPU.ActiveCfg = Release|Any CPU
		{AAA5DAD0-99CE-4C1A-99C3-86A3EF8C70D3}.Release|Any CPU.Build.0 = Release|Any CPU
	EndGlobalSection
	GlobalSection(SolutionProperties) = preSolution
		HideSolutionNode = FALSE
	EndGlobalSection
	GlobalSection(ExtensibilityGlobals) = postSolution
		SolutionGuid = {0F5C1CA2-D440-43C4-AE10-54E14D0E16C1}
	EndGlobalSection
EndGlobal
